
Microsoft Visual Studio Solution File, Format Version 12.00
# Visual Studio Version 16
VisualStudioVersion = 16.0.28922.388
MinimumVisualStudioVersion = 10.0.40219.1
Project("{FAE04EC0-301F-11D3-BF4B-00C04F79EFBC}") = "MeetingRooms_API", "MeetingRooms_API\MeetingRooms_API.csproj", "{6F0A49E4-738F-40C7-ACE3-40A65B650756}"
EndProject
Global
	GlobalSection(SolutionConfigurationPlatforms) = preSolution
		Debug|Any CPU = Debug|Any CPU
		Release|Any CPU = Release|Any CPU
	EndGlobalSection
	GlobalSection(ProjectConfigurationPlatforms) = postSolution
		{6F0A49E4-738F-40C7-ACE3-40A65B650756}.Debug|Any CPU.ActiveCfg = Debug|Any CPU
		{6F0A49E4-738F-40C7-ACE3-40A65B650756}.Debug|Any CPU.Build.0 = Debug|Any CPU
		{6F0A49E4-738F-40C7-ACE3-40A65B650756}.Release|Any CPU.ActiveCfg = Release|Any CPU
		{6F0A49E4-738F-40C7-ACE3-40A65B650756}.Release|Any CPU.Build.0 = Release|Any CPU
	EndGlobalSection
	GlobalSection(SolutionProperties) = preSolution
		HideSolutionNode = FALSE
	EndGlobalSection
	GlobalSection(ExtensibilityGlobals) = postSolution
		SolutionGuid = {6DC25380-FF39-4F04-AEE8-062629C25DDE}
	EndGlobalSection
EndGlobal
